{
  "name": "@tvrc/miniprogram-alipay",
  "version": "0.1.0",
  "lockfileVersion": 3,
  "requires": true,
  "packages": {
    "": {
      "name": "@tvrc/miniprogram-alipay",
      "version": "0.1.0",
      "dependencies": {
        "@tvrc/miniprogram-core": "file:../core"
      },
      "devDependencies": {
        "@mini-types/alipay": "^3.0.0",
        "typescript": "^5.9.0"
      }
    },
    "../core": {
      "name": "@tvrc/miniprogram-core",
      "version": "0.1.0",
      "dependencies": {
        "@noble/ciphers": "^1.3.0",
        "@noble/hashes": "^1.7.1"
      },
      "devDependencies": {
        "@types/node": "^22.10.0",
        "tsx": "^4.19.2",
        "typescript": "^5.7.0"
      }
    },
    "node_modules/@mini-types/alipay": {
      "version": "3.0.14",
      "resolved": "https://registry.npmjs.org/@mini-types/alipay/-/alipay-3.0.14.tgz",
      "integrity": "sha512-FakzSsKvybtWlEIVTIRlr89kuQFn+XY86Ho9VUFFaKLplhW6Wx8FUxTDE7IzV7B9rT8DP/Icy637vUHlXPsw1g==",
      "dev": true,
      "license": "MIT",
      "dependencies": {
        "@mini-types/global": "3.0.14",
        "@mini-types/my": "3.0.14"
      }
    },
    "node_modules/@mini-types/global": {
      "version": "3.0.14",
      "resolved": "https://registry.npmjs.org/@mini-types/global/-/global-3.0.14.tgz",
      "integrity": "sha512-St2ucFRfKRskposOqV/9iNJTKn1MbyqDypQiy/0DaVJjEm2MFi82RJjX9sBz1uWhQIqzu741PgTjGSy7L/Qj9g==",
      "dev": true,
      "license": "MIT"
    },
    "node_modules/@mini-types/my": {
      "version": "3.0.14",
      "resolved": "https://registry.npmjs.org/@mini-types/my/-/my-3.0.14.tgz",
      "integrity": "sha512-aEgmM+rbEvEzTvqltCFRAg/h6KKs14M1y+FrOkz+hn2EyNpOVPesUzTjbRhSiFFsE3WdfBh54lHNYBahAmHq7w==",
      "dev": true,
      "license": "MIT"
    },
    "node_modules/@tvrc/miniprogram-core": {
      "resolved": "../core",
      "link": true
    },
    "node_modules/typescript": {
      "version": "5.9.3",
      "resolved": "https://registry.npmjs.org/typescript/-/typescript-5.9.3.tgz",
      "integrity": "sha512-jl1vZzPDinLr9eUt3J/t7V6FgNEw9QjvBPdysz9KfQDD41fQrC2Y4vKQdiaUpFT4bXlb1RHhLpp8wtm6M5TgSw==",
      "dev": true,
      "license": "Apache-2.0",
      "bin": {
        "tsc": "bin/tsc",
        "tsserver": "bin/tsserver"
      },
      "engines": {
        "node": ">=14.17"
      }
    }
  }
}
